<?xml version="1.0" encoding="utf-8"?>
<Project ToolsVersion="4.0" xmlns="http://schemas.microsoft.com/developer/msbuild/2003">
  <ItemGroup>
    <None Include="Makefile" />
    <None Include="..\NMake\Salt.mk" />
    <None Include="..\..\..\..\MonadEngine\Assets\NMake\Header.mk" />
    <None Include="..\..\..\..\MonadEngine\bin\EmojiEncryption.ps1" />
    <None Include="..\..\..\..\MonadEngine\bin\Tools.ps1" />
  </ItemGroup>
</Project>